
Microsoft Visual Studio Solution File, Format Version 12.00
# Visual Studio Version 17
VisualStudioVersion = 17.11.35327.3
MinimumVisualStudioVersion = 10.0.40219.1
Project("{FAE04EC0-301F-11D3-BF4B-00C04F79EFBC}") = "PMIS", "PMIS\PMIS.csproj", "{94A71D7D-FE90-48F2-879F-6EB5043A761C}"
EndProject
Project("{FAE04EC0-301F-11D3-BF4B-00C04F79EFBC}") = "Generic", "Generic\Generic.csproj", "{F77E804E-0D0C-4892-ABE6-90608C96AE4A}"
EndProject
Global
	GlobalSection(SolutionConfigurationPlatforms) = preSolution
		Debug|Any CPU = Debug|Any CPU
		Release|Any CPU = Release|Any CPU
	EndGlobalSection
	GlobalSection(ProjectConfigurationPlatforms) = postSolution
		{94A71D7D-FE90-48F2-879F-6EB5043A761C}.Debug|Any CPU.ActiveCfg = Debug|Any CPU
		{94A71D7D-FE90-48F2-879F-6EB5043A761C}.Debug|Any CPU.Build.0 = Debug|Any CPU
		{94A71D7D-FE90-48F2-879F-6EB5043A761C}.Release|Any CPU.ActiveCfg = Release|Any CPU
		{94A71D7D-FE90-48F2-879F-6EB5043A761C}.Release|Any CPU.Build.0 = Release|Any CPU
		{F77E804E-0D0C-4892-ABE6-90608C96AE4A}.Debug|Any CPU.ActiveCfg = Debug|Any CPU
		{F77E804E-0D0C-4892-ABE6-90608C96AE4A}.Debug|Any CPU.Build.0 = Debug|Any CPU
		{F77E804E-0D0C-4892-ABE6-90608C96AE4A}.Release|Any CPU.ActiveCfg = Release|Any CPU
		{F77E804E-0D0C-4892-ABE6-90608C96AE4A}.Release|Any CPU.Build.0 = Release|Any CPU
	EndGlobalSection
	GlobalSection(SolutionProperties) = preSolution
		HideSolutionNode = FALSE
	EndGlobalSection
	GlobalSection(ExtensibilityGlobals) = postSolution
		SolutionGuid = {CF2F00A8-87A0-492C-A197-3D79C79AB63D}
	EndGlobalSection
EndGlobal
